
Microsoft Visual Studio Solution File, Format Version 12.00
# Visual Studio Version 16
VisualStudioVersion = 16.0.31911.196
MinimumVisualStudioVersion = 10.0.40219.1
Project("{930C7802-8A8C-48F9-8165-68863BCCD9DD}") = "WixSample", "WixSample\WixSample.wixproj", "{A1883CC3-7FBD-40B3-91A1-83E034D315B8}"
EndProject
Project("{FAE04EC0-301F-11D3-BF4B-00C04F79EFBC}") = "ConsoleApp", "..\ConsoleApp\ConsoleApp\ConsoleApp.csproj", "{E930F4BB-D514-4284-B02B-4F208437E203}"
EndProject
Global
	GlobalSection(SolutionConfigurationPlatforms) = preSolution
		Debug|Any CPU = Debug|Any CPU
		Debug|x86 = Debug|x86
		Release|Any CPU = Release|Any CPU
		Release|x86 = Release|x86
	EndGlobalSection
	GlobalSection(ProjectConfigurationPlatforms) = postSolution
		{A1883CC3-7FBD-40B3-91A1-83E034D315B8}.Debug|Any CPU.ActiveCfg = Debug|x86
		{A1883CC3-7FBD-40B3-91A1-83E034D315B8}.Debug|x86.ActiveCfg = Debug|x86
		{A1883CC3-7FBD-40B3-91A1-83E034D315B8}.Debug|x86.Build.0 = Debug|x86
		{A1883CC3-7FBD-40B3-91A1-83E034D315B8}.Release|Any CPU.ActiveCfg = Release|x86
		{A1883CC3-7FBD-40B3-91A1-83E034D315B8}.Release|x86.ActiveCfg = Release|x86
		{A1883CC3-7FBD-40B3-91A1-83E034D315B8}.Release|x86.Build.0 = Release|x86
		{E930F4BB-D514-4284-B02B-4F208437E203}.Debug|Any CPU.ActiveCfg = Debug|Any CPU
		{E930F4BB-D514-4284-B02B-4F208437E203}.Debug|Any CPU.Build.0 = Debug|Any CPU
		{E930F4BB-D514-4284-B02B-4F208437E203}.Debug|x86.ActiveCfg = Debug|Any CPU
		{E930F4BB-D514-4284-B02B-4F208437E203}.Debug|x86.Build.0 = Debug|Any CPU
		{E930F4BB-D514-4284-B02B-4F208437E203}.Release|Any CPU.ActiveCfg = Release|Any CPU
		{E930F4BB-D514-4284-B02B-4F208437E203}.Release|Any CPU.Build.0 = Release|Any CPU
		{E930F4BB-D514-4284-B02B-4F208437E203}.Release|x86.ActiveCfg = Release|Any CPU
		{E930F4BB-D514-4284-B02B-4F208437E203}.Release|x86.Build.0 = Release|Any CPU
	EndGlobalSection
	GlobalSection(SolutionProperties) = preSolution
		HideSolutionNode = FALSE
	EndGlobalSection
	GlobalSection(ExtensibilityGlobals) = postSolution
		SolutionGuid = {83D1FE4A-FDB3-42D8-B249-CB981963F088}
	EndGlobalSection
EndGlobal
